hash: 0463d22212bc5f221348dfa44509e1900945fead2c0efb0be9103253c202f324
updated: 2017-10-05T18:19:31.184179402+02:00
imports:
- name: github.com/fsnotify/fsnotify
  version: 4da3e2cfbabc9f751898f250b49f2439785783a1
- name: github.com/google/go-querystring
  version: 53e6ce116135b80d037921a7fdd5138cf32d7a8a
  subpackages:
  - query
- name: github.com/grsmv/goweek
  version: 523a631ad28c04485c02e046120dd9abff12de68
- name: github.com/hashicorp/hcl
  version: 68e816d1c783414e79bc65b3994d9ab6b0a722ab
  subpackages:
  - hcl/ast
  - hcl/parser
  - hcl/scanner
  - hcl/strconv
  - hcl/token
  - json/parser
  - json/scanner
  - json/token
- name: github.com/magiconair/properties
  version: 8d7837e64d3c1ee4e54a880c5a920ab4316fc90a
- name: github.com/mitchellh/mapstructure
  version: d0303fe809921458f417bcf828397a65db30a7e4
- name: github.com/nlopes/slack
  version: c86337c0ef2486a15edd804355d9c73d2f2caed1
- name: github.com/pelletier/go-toml
  version: 2009e44b6f182e34d8ce081ac2767622937ea3d4
- name: github.com/robfig/cron
  version: b024fc5ea0e34bc3f83d9941c8d60b0622bfaca4
- name: github.com/spf13/afero
  version: 3de492c3cda9570c77bc1f495857bfbf4b760efd
  subpackages:
  - mem
- name: github.com/spf13/cast
  version: acbeb36b902d72a7a4c18e8f3241075e7ab763e4
- name: github.com/spf13/jwalterweatherman
  version: 12bd96e66386c1960ab0f74ced1362f66f552f7b
- name: github.com/spf13/pflag
  version: be7121dd7a937a85e1e4b1ddda6a3edce3466110
- name: github.com/spf13/viper
  version: 25b30aa063fc18e48662b86996252eabdcf2f0c7
- name: github.com/wvdeutekom/go-pagerduty
  version: 5fc1b0b298beb44c7543c3bad054d06a347d2885
- name: golang.org/x/net
  version: a04bdaca5b32abe1c069418fb7088ae607de5bd0
  subpackages:
  - websocket
- name: golang.org/x/sys
  version: 314a259e304ff91bd6985da2a7149bbf91237993
  subpackages:
  - unix
- name: golang.org/x/text
  version: d82c1812e304abfeeabd31e995a115a2855bf642
  subpackages:
  - transform
  - unicode/norm
- name: gopkg.in/yaml.v2
  version: eb3733d160e74a9c7e442f435eb3bea458e1d19f
testImports: []
